# THIS IS AN AUTOGENERATED FILE. DO NOT EDIT THIS FILE DIRECTLY.
# yarn lockfile v1


acorn@^5.1.1:
  version "5.2.1"
  resolved "https://registry.yarnpkg.com/acorn/-/acorn-5.2.1.tgz#317ac7821826c22c702d66189ab8359675f135d7"

gpu.js@^1.0.0-rc.8:
  version "1.0.0-rc.8"
  resolved "https://registry.yarnpkg.com/gpu.js/-/gpu.js-1.0.0-rc.8.tgz#520582574b4252c1b686de6162742a2e9d8f24f6"
  dependencies:
    acorn "^5.1.1"
